
Microsoft Visual Studio Solution File, Format Version 12.00
Project("{2150E333-8FDC-42A3-9474-1A3956D46DE8}") = "src", "src", "{4A822500-21F6-4A79-9077-646BC74A7839}"
EndProject
Project("{FAE04EC0-301F-11D3-BF4B-00C04F79EFBC}") = "RawCoding.Core", "src\RawCoding.Core\RawCoding.Core.csproj", "{44A6BCA8-386F-44AF-92F1-896F549F84B5}"
EndProject
Project("{FAE04EC0-301F-11D3-BF4B-00C04F79EFBC}") = "RawCoding.IdentityApp", "src\RawCoding.IdentityApp\RawCoding.IdentityApp.csproj", "{10909B86-2D11-44D0-8794-89FDEB8CC445}"
EndProject
Project("{FAE04EC0-301F-11D3-BF4B-00C04F79EFBC}") = "RawCoding.Shop.Application", "src\RawCoding.Shop.Application\RawCoding.Shop.Application.csproj", "{676AEAFE-D701-464E-89F4-6757E2A0C7B0}"
EndProject
Project("{FAE04EC0-301F-11D3-BF4B-00C04F79EFBC}") = "RawCoding.Shop.Database", "src\RawCoding.Shop.Database\RawCoding.Shop.Database.csproj", "{0DB2FF9C-7D20-40D1-A114-DFDE575A5A4F}"
EndProject
Project("{FAE04EC0-301F-11D3-BF4B-00C04F79EFBC}") = "RawCoding.Shop.Domain", "src\RawCoding.Shop.Domain\RawCoding.Shop.Domain.csproj", "{D97A0DE4-01BB-4891-BF2B-B67E7D3A08E4}"
EndProject
Project("{FAE04EC0-301F-11D3-BF4B-00C04F79EFBC}") = "RawCoding.Shop.Api", "src\RawCoding.Shop.Api\RawCoding.Shop.Api.csproj", "{34F0565D-E884-4CC0-B06D-3D7FDC0BC9AC}"
EndProject
Project("{2150E333-8FDC-42A3-9474-1A3956D46DE8}") = "tests", "tests", "{2821B835-61B2-45AE-A451-EB2F144BFE32}"
EndProject
Project("{FAE04EC0-301F-11D3-BF4B-00C04F79EFBC}") = "RawCoding.S3", "src\RawCoding.S3\RawCoding.S3.csproj", "{DB35D126-7698-41A3-8C6E-0770D0A99A19}"
EndProject
Global
	GlobalSection(SolutionConfigurationPlatforms) = preSolution
		Debug|Any CPU = Debug|Any CPU
		Release|Any CPU = Release|Any CPU
	EndGlobalSection
	GlobalSection(ProjectConfigurationPlatforms) = postSolution
		{44A6BCA8-386F-44AF-92F1-896F549F84B5}.Debug|Any CPU.ActiveCfg = Debug|Any CPU
		{44A6BCA8-386F-44AF-92F1-896F549F84B5}.Debug|Any CPU.Build.0 = Debug|Any CPU
		{44A6BCA8-386F-44AF-92F1-896F549F84B5}.Release|Any CPU.ActiveCfg = Release|Any CPU
		{44A6BCA8-386F-44AF-92F1-896F549F84B5}.Release|Any CPU.Build.0 = Release|Any CPU
		{10909B86-2D11-44D0-8794-89FDEB8CC445}.Debug|Any CPU.ActiveCfg = Debug|Any CPU
		{10909B86-2D11-44D0-8794-89FDEB8CC445}.Debug|Any CPU.Build.0 = Debug|Any CPU
		{10909B86-2D11-44D0-8794-89FDEB8CC445}.Release|Any CPU.ActiveCfg = Release|Any CPU
		{10909B86-2D11-44D0-8794-89FDEB8CC445}.Release|Any CPU.Build.0 = Release|Any CPU
		{676AEAFE-D701-464E-89F4-6757E2A0C7B0}.Debug|Any CPU.ActiveCfg = Debug|Any CPU
		{676AEAFE-D701-464E-89F4-6757E2A0C7B0}.Debug|Any CPU.Build.0 = Debug|Any CPU
		{676AEAFE-D701-464E-89F4-6757E2A0C7B0}.Release|Any CPU.ActiveCfg = Release|Any CPU
		{676AEAFE-D701-464E-89F4-6757E2A0C7B0}.Release|Any CPU.Build.0 = Release|Any CPU
		{0DB2FF9C-7D20-40D1-A114-DFDE575A5A4F}.Debug|Any CPU.ActiveCfg = Debug|Any CPU
		{0DB2FF9C-7D20-40D1-A114-DFDE575A5A4F}.Debug|Any CPU.Build.0 = Debug|Any CPU
		{0DB2FF9C-7D20-40D1-A114-DFDE575A5A4F}.Release|Any CPU.ActiveCfg = Release|Any CPU
		{0DB2FF9C-7D20-40D1-A114-DFDE575A5A4F}.Release|Any CPU.Build.0 = Release|Any CPU
		{D97A0DE4-01BB-4891-BF2B-B67E7D3A08E4}.Debug|Any CPU.ActiveCfg = Debug|Any CPU
		{D97A0DE4-01BB-4891-BF2B-B67E7D3A08E4}.Debug|Any CPU.Build.0 = Debug|Any CPU
		{D97A0DE4-01BB-4891-BF2B-B67E7D3A08E4}.Release|Any CPU.ActiveCfg = Release|Any CPU
		{D97A0DE4-01BB-4891-BF2B-B67E7D3A08E4}.Release|Any CPU.Build.0 = Release|Any CPU
		{34F0565D-E884-4CC0-B06D-3D7FDC0BC9AC}.Debug|Any CPU.ActiveCfg = Debug|Any CPU
		{34F0565D-E884-4CC0-B06D-3D7FDC0BC9AC}.Debug|Any CPU.Build.0 = Debug|Any CPU
		{34F0565D-E884-4CC0-B06D-3D7FDC0BC9AC}.Release|Any CPU.ActiveCfg = Release|Any CPU
		{34F0565D-E884-4CC0-B06D-3D7FDC0BC9AC}.Release|Any CPU.Build.0 = Release|Any CPU
		{DB35D126-7698-41A3-8C6E-0770D0A99A19}.Debug|Any CPU.ActiveCfg = Debug|Any CPU
		{DB35D126-7698-41A3-8C6E-0770D0A99A19}.Debug|Any CPU.Build.0 = Debug|Any CPU
		{DB35D126-7698-41A3-8C6E-0770D0A99A19}.Release|Any CPU.ActiveCfg = Release|Any CPU
		{DB35D126-7698-41A3-8C6E-0770D0A99A19}.Release|Any CPU.Build.0 = Release|Any CPU
	EndGlobalSection
	GlobalSection(NestedProjects) = preSolution
		{44A6BCA8-386F-44AF-92F1-896F549F84B5} = {4A822500-21F6-4A79-9077-646BC74A7839}
		{10909B86-2D11-44D0-8794-89FDEB8CC445} = {4A822500-21F6-4A79-9077-646BC74A7839}
		{676AEAFE-D701-464E-89F4-6757E2A0C7B0} = {4A822500-21F6-4A79-9077-646BC74A7839}
		{0DB2FF9C-7D20-40D1-A114-DFDE575A5A4F} = {4A822500-21F6-4A79-9077-646BC74A7839}
		{D97A0DE4-01BB-4891-BF2B-B67E7D3A08E4} = {4A822500-21F6-4A79-9077-646BC74A7839}
		{34F0565D-E884-4CC0-B06D-3D7FDC0BC9AC} = {4A822500-21F6-4A79-9077-646BC74A7839}
		{DB35D126-7698-41A3-8C6E-0770D0A99A19} = {4A822500-21F6-4A79-9077-646BC74A7839}
	EndGlobalSection
EndGlobal
